// !$*UTF8*$!
{
	archiveVersion = 1;
	classes = {
	};
	objectVersion = 55;
	objects = {

/* Begin PBXBuildFile section */
		37D7AC832892FF06008FD958 /* Color+ProjectColors.swift in Sources */ = {isa = PBXBuildFile; fileRef = 37D7AC822892FF06008FD958 /* Color+ProjectColors.swift */; };
		37D7AC8628932FCA008FD958 /* Icons.swift in Sources */ = {isa = PBXBuildFile; fileRef = 37D7AC8528932FCA008FD958 /* Icons.swift */; };
		37D7AC9C289362E5008FD958 /* CDTask+CoreDataClass.swift in Sources */ = {isa = PBXBuildFile; fileRef = 37D7AC98289362E5008FD958 /* CDTask+CoreDataClass.swift */; };
		37D7AC9D289362E5008FD958 /* CDTask+CoreDataProperties.swift in Sources */ = {isa = PBXBuildFile; fileRef = 37D7AC99289362E5008FD958 /* CDTask+CoreDataProperties.swift */; };
		37D7AC9E289362E5008FD958 /* CDList+CoreDataClass.swift in Sources */ = {isa = PBXBuildFile; fileRef = 37D7AC9A289362E5008FD958 /* CDList+CoreDataClass.swift */; };
		37D7AC9F289362E5008FD958 /* CDList+CoreDataProperties.swift in Sources */ = {isa = PBXBuildFile; fileRef = 37D7AC9B289362E5008FD958 /* CDList+CoreDataProperties.swift */; };
		37D7ACA228937A21008FD958 /* ListCell.swift in Sources */ = {isa = PBXBuildFile; fileRef = 37D7ACA128937A21008FD958 /* ListCell.swift */; };
		37FB7BA62890C99B00915411 /* CloudKitTodoApp.swift in Sources */ = {isa = PBXBuildFile; fileRef = 37FB7BA52890C99B00915411 /* CloudKitTodoApp.swift */; };
		37FB7BA82890C99B00915411 /* ContentView.swift in Sources */ = {isa = PBXBuildFile; fileRef = 37FB7BA72890C99B00915411 /* ContentView.swift */; };
		37FB7BAA2890C99E00915411 /* Assets.xcassets in Resources */ = {isa = PBXBuildFile; fileRef = 37FB7BA92890C99E00915411 /* Assets.xcassets */; };
		37FB7BAD2890C99E00915411 /* Preview Assets.xcassets in Resources */ = {isa = PBXBuildFile; fileRef = 37FB7BAC2890C99E00915411 /* Preview Assets.xcassets */; };
		37FB7BAF2890C99E00915411 /* Persistence.swift in Sources */ = {isa = PBXBuildFile; fileRef = 37FB7BAE2890C99E00915411 /* Persistence.swift */; };
		37FB7BBB2890CCB600915411 /* CloudKit.framework in Frameworks */ = {isa = PBXBuildFile; fileRef = 37FB7BBA2890CCB600915411 /* CloudKit.framework */; };
		37FB7BC22890D21D00915411 /* CloudKitTodo.xcdatamodeld in Sources */ = {isa = PBXBuildFile; fileRef = 37FB7BC02890D21D00915411 /* CloudKitTodo.xcdatamodeld */; };
/* End PBXBuildFile section */

/* Begin PBXFileReference section */
		37D7AC822892FF06008FD958 /* Color+ProjectColors.swift */ = {isa = PBXFileReference; lastKnownFileType = sourcecode.swift; path = "Color+ProjectColors.swift"; sourceTree = "<group>"; };
		37D7AC8528932FCA008FD958 /* Icons.swift */ = {isa = PBXFileReference; lastKnownFileType = sourcecode.swift; path = Icons.swift; sourceTree = "<group>"; };
		37D7AC98289362E5008FD958 /* CDTask+CoreDataClass.swift */ = {isa = PBXFileReference; lastKnownFileType = sourcecode.swift; path = "CDTask+CoreDataClass.swift"; sourceTree = "<group>"; };
		37D7AC99289362E5008FD958 /* CDTask+CoreDataProperties.swift */ = {isa = PBXFileReference; lastKnownFileType = sourcecode.swift; path = "CDTask+CoreDataProperties.swift"; sourceTree = "<group>"; };
		37D7AC9A289362E5008FD958 /* CDList+CoreDataClass.swift */ = {isa = PBXFileReference; lastKnownFileType = sourcecode.swift; path = "CDList+CoreDataClass.swift"; sourceTree = "<group>"; };
		37D7AC9B289362E5008FD958 /* CDList+CoreDataProperties.swift */ = {isa = PBXFileReference; lastKnownFileType = sourcecode.swift; path = "CDList+CoreDataProperties.swift"; sourceTree = "<group>"; };
		37D7ACA128937A21008FD958 /* ListCell.swift */ = {isa = PBXFileReference; lastKnownFileType = sourcecode.swift; path = ListCell.swift; sourceTree = "<group>"; };
		37FB7BA22890C99B00915411 /* CloudKitTodo.app */ = {isa = PBXFileReference; explicitFileType = wrapper.application; includeInIndex = 0; path = CloudKitTodo.app; sourceTree = BUILT_PRODUCTS_DIR; };
		37FB7BA52890C99B00915411 /* CloudKitTodoApp.swift */ = {isa = PBXFileReference; lastKnownFileType = sourcecode.swift; path = CloudKitTodoApp.swift; sourceTree = "<group>"; };
		37FB7BA72890C99B00915411 /* ContentView.swift */ = {isa = PBXFileReference; lastKnownFileType = sourcecode.swift; path = ContentView.swift; sourceTree = "<group>"; };
		37FB7BA92890C99E00915411 /* Assets.xcassets */ = {isa = PBXFileReference; lastKnownFileType = folder.assetcatalog; path = Assets.xcassets; sourceTree = "<group>"; };
		37FB7BAC2890C99E00915411 /* Preview Assets.xcassets */ = {isa = PBXFileReference; lastKnownFileType = folder.assetcatalog; path = "Preview Assets.xcassets"; sourceTree = "<group>"; };
		37FB7BAE2890C99E00915411 /* Persistence.swift */ = {isa = PBXFileReference; lastKnownFileType = sourcecode.swift; path = Persistence.swift; sourceTree = "<group>"; };
		37FB7BB82890CCAD00915411 /* CloudKitTodo.entitlements */ = {isa = PBXFileReference; lastKnownFileType = text.plist.entitlements; path = CloudKitTodo.entitlements; sourceTree = "<group>"; };
		37FB7BBA2890CCB600915411 /* CloudKit.framework */ = {isa = PBXFileReference; lastKnownFileType = wrapper.framework; name = CloudKit.framework; path = System/Library/Frameworks/CloudKit.framework; sourceTree = SDKROOT; };
		37FB7BBC2890CE6000915411 /* Info.plist */ = {isa = PBXFileReference; lastKnownFileType = text.plist; path = Info.plist; sourceTree = "<group>"; };
		37FB7BC12890D21D00915411 /* CloudKitTodo.xcdatamodel */ = {isa = PBXFileReference; lastKnownFileType = wrapper.xcdatamodel; path = CloudKitTodo.xcdatamodel; sourceTree = "<group>"; };
/* End PBXFileReference section */

/* Begin PBXFrameworksBuildPhase section */
		37FB7B9F2890C99B00915411 /* Frameworks */ = {
			isa = PBXFrameworksBuildPhase;
			buildActionMask = 2147483647;
			files = (
				37FB7BBB2890CCB600915411 /* CloudKit.framework in Frameworks */,
			);
			runOnlyForDeploymentPostprocessing = 0;
		};
/* End PBXFrameworksBuildPhase section */

/* Begin PBXGroup section */
		3725CF772892E98D002CAC78 /* Models */ = {
			isa = PBXGroup;
			children = (
				37D7AC98289362E5008FD958 /* CDTask+CoreDataClass.swift */,
				37D7AC99289362E5008FD958 /* CDTask+CoreDataProperties.swift */,
				37D7AC9A289362E5008FD958 /* CDList+CoreDataClass.swift */,
				37D7AC9B289362E5008FD958 /* CDList+CoreDataProperties.swift */,
			);
			path = Models;
			sourceTree = "<group>";
		};
		3725CF782892E993002CAC78 /* Views */ = {
			isa = PBXGroup;
			children = (
				37D7AC8F28935F7C008FD958 /* Content */,
			);
			path = Views;
			sourceTree = "<group>";
		};
		37D7AC812892FEE4008FD958 /* Extensions */ = {
			isa = PBXGroup;
			children = (
				37D7AC822892FF06008FD958 /* Color+ProjectColors.swift */,
			);
			path = Extensions;
			sourceTree = "<group>";
		};
		37D7AC8428932A43008FD958 /* Utils */ = {
			isa = PBXGroup;
			children = (
				37D7AC8528932FCA008FD958 /* Icons.swift */,
			);
			path = Utils;
			sourceTree = "<group>";
		};
		37D7AC8F28935F7C008FD958 /* Content */ = {
			isa = PBXGroup;
			children = (
				37FB7BA72890C99B00915411 /* ContentView.swift */,
				37D7ACA128937A21008FD958 /* ListCell.swift */,
			);
			path = Content;
			sourceTree = "<group>";
		};
		37FB7B992890C99A00915411 = {
			isa = PBXGroup;
			children = (
				37FB7BA42890C99B00915411 /* CloudKitTodo */,
				37FB7BA32890C99B00915411 /* Products */,
				37FB7BB92890CCB600915411 /* Frameworks */,
			);
			sourceTree = "<group>";
		};
		37FB7BA32890C99B00915411 /* Products */ = {
			isa = PBXGroup;
			children = (
				37FB7BA22890C99B00915411 /* CloudKitTodo.app */,
			);
			name = Products;
			sourceTree = "<group>";
		};
		37FB7BA42890C99B00915411 /* CloudKitTodo */ = {
			isa = PBXGroup;
			children = (
				37D7AC8428932A43008FD958 /* Utils */,
				37D7AC812892FEE4008FD958 /* Extensions */,
				3725CF782892E993002CAC78 /* Views */,
				3725CF772892E98D002CAC78 /* Models */,
				37FB7BBC2890CE6000915411 /* Info.plist */,
				37FB7BB82890CCAD00915411 /* CloudKitTodo.entitlements */,
				37FB7BA52890C99B00915411 /* CloudKitTodoApp.swift */,
				37FB7BA92890C99E00915411 /* Assets.xcassets */,
				37FB7BAE2890C99E00915411 /* Persistence.swift */,
				37FB7BC02890D21D00915411 /* CloudKitTodo.xcdatamodeld */,
				37FB7BAB2890C99E00915411 /* Preview Content */,
			);
			path = CloudKitTodo;
			sourceTree = "<group>";
		};
		37FB7BAB2890C99E00915411 /* Preview Content */ = {
			isa = PBXGroup;
			children = (
				37FB7BAC2890C99E00915411 /* Preview Assets.xcassets */,
			);
			path = "Preview Content";
			sourceTree = "<group>";
		};
		37FB7BB92890CCB600915411 /* Frameworks */ = {
			isa = PBXGroup;
			children = (
				37FB7BBA2890CCB600915411 /* CloudKit.framework */,
			);
			name = Frameworks;
			sourceTree = "<group>";
		};
/* End PBXGroup section */

/* Begin PBXNativeTarget section */
		37FB7BA12890C99B00915411 /* CloudKitTodo */ = {
			isa = PBXNativeTarget;
			buildConfigurationList = 37FB7BB52890C99E00915411 /* Build configuration list for PBXNativeTarget "CloudKitTodo" */;
			buildPhases = (
				37FB7B9E2890C99B00915411 /* Sources */,
				37FB7B9F2890C99B00915411 /* Frameworks */,
				37FB7BA02890C99B00915411 /* Resources */,
			);
			buildRules = (
			);
			dependencies = (
			);
			name = CloudKitTodo;
			productName = CloudKitTodo;
			productReference = 37FB7BA22890C99B00915411 /* CloudKitTodo.app */;
			productType = "com.apple.product-type.application";
		};
/* End PBXNativeTarget section */

/* Begin PBXProject section */
		37FB7B9A2890C99A00915411 /* Project object */ = {
			isa = PBXProject;
			attributes = {
				BuildIndependentTargetsInParallel = 1;
				LastSwiftUpdateCheck = 1340;
				LastUpgradeCheck = 1340;
				TargetAttributes = {
					37FB7BA12890C99B00915411 = {
						CreatedOnToolsVersion = 13.4.1;
					};
				};
			};
			buildConfigurationList = 37FB7B9D2890C99A00915411 /* Build configuration list for PBXProject "CloudKitTodo" */;
			compatibilityVersion = "Xcode 13.0";
			developmentRegion = en;
			hasScannedForEncodings = 0;
			knownRegions = (
				en,
				Base,
			);
			mainGroup = 37FB7B992890C99A00915411;
			productRefGroup = 37FB7BA32890C99B00915411 /* Products */;
			projectDirPath = "";
			projectRoot = "";
			targets = (
				37FB7BA12890C99B00915411 /* CloudKitTodo */,
			);
		};
/* End PBXProject section */

/* Begin PBXResourcesBuildPhase section */
		37FB7BA02890C99B00915411 /* Resources */ = {
			isa = PBXResourcesBuildPhase;
			buildActionMask = 2147483647;
			files = (
				37FB7BAD2890C99E00915411 /* Preview Assets.xcassets in Resources */,
				37FB7BAA2890C99E00915411 /* Assets.xcassets in Resources */,
			);
			runOnlyForDeploymentPostprocessing = 0;
		};
/* End PBXResourcesBuildPhase section */

/* Begin PBXSourcesBuildPhase section */
		37FB7B9E2890C99B00915411 /* Sources */ = {
			isa = PBXSourcesBuildPhase;
			buildActionMask = 2147483647;
			files = (
				37FB7BAF2890C99E00915411 /* Persistence.swift in Sources */,
				37FB7BA82890C99B00915411 /* ContentView.swift in Sources */,
				37FB7BC22890D21D00915411 /* CloudKitTodo.xcdatamodeld in Sources */,
				37D7AC832892FF06008FD958 /* Color+ProjectColors.swift in Sources */,
				37D7AC9F289362E5008FD958 /* CDList+CoreDataProperties.swift in Sources */,
				37D7AC9E289362E5008FD958 /* CDList+CoreDataClass.swift in Sources */,
				37D7ACA228937A21008FD958 /* ListCell.swift in Sources */,
				37FB7BA62890C99B00915411 /* CloudKitTodoApp.swift in Sources */,
				37D7AC8628932FCA008FD958 /* Icons.swift in Sources */,
				37D7AC9C289362E5008FD958 /* CDTask+CoreDataClass.swift in Sources */,
				37D7AC9D289362E5008FD958 /* CDTask+CoreDataProperties.swift in Sources */,
			);
			runOnlyForDeploymentPostprocessing = 0;
		};
/* End PBXSourcesBuildPhase section */

/* Begin XCBuildConfiguration section */
		37FB7BB32890C99E00915411 /* Debug */ = {
			isa = XCBuildConfiguration;
			buildSettings = {
				ALWAYS_SEARCH_USER_PATHS = NO;
				CLANG_ANALYZER_NONNULL = YES;
				CLANG_ANALYZER_NUMBER_OBJECT_CONVERSION = YES_AGGRESSIVE;
				CLANG_CXX_LANGUAGE_STANDARD = "gnu++17";
				CLANG_ENABLE_MODULES = YES;
				CLANG_ENABLE_OBJC_ARC = YES;
				CLANG_ENABLE_OBJC_WEAK = YES;
				CLANG_WARN_BLOCK_CAPTURE_AUTORELEASING = YES;
				CLANG_WARN_BOOL_CONVERSION = YES;
				CLANG_WARN_COMMA = YES;
				CLANG_WARN_CONSTANT_CONVERSION = YES;
				CLANG_WARN_DEPRECATED_OBJC_IMPLEMENTATIONS = YES;
				CLANG_WARN_DIRECT_OBJC_ISA_USAGE = YES_ERROR;
				CLANG_WARN_DOCUMENTATION_COMMENTS = YES;
				CLANG_WARN_EMPTY_BODY = YES;
				CLANG_WARN_ENUM_CONVERSION = YES;
				CLANG_WARN_INFINITE_RECURSION = YES;
				CLANG_WARN_INT_CONVERSION = YES;
				CLANG_WARN_NON_LITERAL_NULL_CONVERSION = YES;
				CLANG_WARN_OBJC_IMPLICIT_RETAIN_SELF = YES;
				CLANG_WARN_OBJC_LITERAL_CONVERSION = YES;
				CLANG_WARN_OBJC_ROOT_CLASS = YES_ERROR;
				CLANG_WARN_QUOTED_INCLUDE_IN_FRAMEWORK_HEADER = YES;
				CLANG_WARN_RANGE_LOOP_ANALYSIS = YES;
				CLANG_WARN_STRICT_PROTOTYPES = YES;
				CLANG_WARN_SUSPICIOUS_MOVE = YES;
				CLANG_WARN_UNGUARDED_AVAILABILITY = YES_AGGRESSIVE;
				CLANG_WARN_UNREACHABLE_CODE = YES;
				CLANG_WARN__DUPLICATE_METHOD_MATCH = YES;
				COPY_PHASE_STRIP = NO;
				DEBUG_INFORMATION_FORMAT = dwarf;
				ENABLE_STRICT_OBJC_MSGSEND = YES;
				ENABLE_TESTABILITY = YES;
				GCC_C_LANGUAGE_STANDARD = gnu11;
				GCC_DYNAMIC_NO_PIC = NO;
				GCC_NO_COMMON_BLOCKS = YES;
				GCC_OPTIMIZATION_LEVEL = 0;
				GCC_PREPROCESSOR_DEFINITIONS = (
					"DEBUG=1",
					"$(inherited)",
				);
				GCC_WARN_64_TO_32_BIT_CONVERSION = YES;
				GCC_WARN_ABOUT_RETURN_TYPE = YES_ERROR;
				GCC_WARN_UNDECLARED_SELECTOR = YES;
				GCC_WARN_UNINITIALIZED_AUTOS = YES_AGGRESSIVE;
				GCC_WARN_UNUSED_FUNCTION = YES;
				GCC_WARN_UNUSED_VARIABLE = YES;
				IPHONEOS_DEPLOYMENT_TARGET = 15.5;
				MTL_ENABLE_DEBUG_INFO = INCLUDE_SOURCE;
				MTL_FAST_MATH = YES;
				ONLY_ACTIVE_ARCH = YES;
				SDKROOT = iphoneos;
				SWIFT_ACTIVE_COMPILATION_CONDITIONS = DEBUG;
				SWIFT_OPTIMIZATION_LEVEL = "-Onone";
			};
			name = Debug;
		};
		37FB7BB42890C99E00915411 /* Release */ = {
			isa = XCBuildConfiguration;
			buildSettings = {
				ALWAYS_SEARCH_USER_PATHS = NO;
				CLANG_ANALYZER_NONNULL = YES;
				CLANG_ANALYZER_NUMBER_OBJECT_CONVERSION = YES_AGGRESSIVE;
				CLANG_CXX_LANGUAGE_STANDARD = "gnu++17";
				CLANG_ENABLE_MODULES = YES;
				CLANG_ENABLE_OBJC_ARC = YES;
				CLANG_ENABLE_OBJC_WEAK = YES;
				CLANG_WARN_BLOCK_CAPTURE_AUTORELEASING = YES;
				CLANG_WARN_BOOL_CONVERSION = YES;
				CLANG_WARN_COMMA = YES;
				CLANG_WARN_CONSTANT_CONVERSION = YES;
				CLANG_WARN_DEPRECATED_OBJC_IMPLEMENTATIONS = YES;
				CLANG_WARN_DIRECT_OBJC_ISA_USAGE = YES_ERROR;
				CLANG_WARN_DOCUMENTATION_COMMENTS = YES;
				CLANG_WARN_EMPTY_BODY = YES;
				CLANG_WARN_ENUM_CONVERSION = YES;
				CLANG_WARN_INFINITE_RECURSION = YES;
				CLANG_WARN_INT_CONVERSION = YES;
				CLANG_WARN_NON_LITERAL_NULL_CONVERSION = YES;
				CLANG_WARN_OBJC_IMPLICIT_RETAIN_SELF = YES;
				CLANG_WARN_OBJC_LITERAL_CONVERSION = YES;
				CLANG_WARN_OBJC_ROOT_CLASS = YES_ERROR;
				CLANG_WARN_QUOTED_INCLUDE_IN_FRAMEWORK_HEADER = YES;
				CLANG_WARN_RANGE_LOOP_ANALYSIS = YES;
				CLANG_WARN_STRICT_PROTOTYPES = YES;
				CLANG_WARN_SUSPICIOUS_MOVE = YES;
				CLANG_WARN_UNGUARDED_AVAILABILITY = YES_AGGRESSIVE;
				CLANG_WARN_UNREACHABLE_CODE = YES;
				CLANG_WARN__DUPLICATE_METHOD_MATCH = YES;
				COPY_PHASE_STRIP = NO;
				DEBUG_INFORMATION_FORMAT = "dwarf-with-dsym";
				ENABLE_NS_ASSERTIONS = NO;
				ENABLE_STRICT_OBJC_MSGSEND = YES;
				GCC_C_LANGUAGE_STANDARD = gnu11;
				GCC_NO_COMMON_BLOCKS = YES;
				GCC_WARN_64_TO_32_BIT_CONVERSION = YES;
				GCC_WARN_ABOUT_RETURN_TYPE = YES_ERROR;
				GCC_WARN_UNDECLARED_SELECTOR = YES;
				GCC_WARN_UNINITIALIZED_AUTOS = YES_AGGRESSIVE;
				GCC_WARN_UNUSED_FUNCTION = YES;
				GCC_WARN_UNUSED_VARIABLE = YES;
				IPHONEOS_DEPLOYMENT_TARGET = 15.5;
				MTL_ENABLE_DEBUG_INFO = NO;
				MTL_FAST_MATH = YES;
				SDKROOT = iphoneos;
				SWIFT_COMPILATION_MODE = wholemodule;
				SWIFT_OPTIMIZATION_LEVEL = "-O";
				VALIDATE_PRODUCT = YES;
			};
			name = Release;
		};
		37FB7BB62890C99E00915411 /* Debug */ = {
			isa = XCBuildConfiguration;
			buildSettings = {
				ASSETCATALOG_COMPILER_APPICON_NAME = AppIcon;
				ASSETCATALOG_COMPILER_GLOBAL_ACCENT_COLOR_NAME = AccentColor;
				CODE_SIGN_ENTITLEMENTS = CloudKitTodo/CloudKitTodo.entitlements;
				CODE_SIGN_STYLE = Automatic;
				CURRENT_PROJECT_VERSION = 1;
				DEVELOPMENT_ASSET_PATHS = "\"CloudKitTodo/Preview Content\"";
				DEVELOPMENT_TEAM = L6B3W3NNQ3;
				ENABLE_PREVIEWS = YES;
				GENERATE_INFOPLIST_FILE = YES;
				INFOPLIST_FILE = CloudKitTodo/Info.plist;
				INFOPLIST_KEY_CFBundleDisplayName = "Cute ToDo";
				INFOPLIST_KEY_UIApplicationSceneManifest_Generation = YES;
				INFOPLIST_KEY_UIApplicationSupportsIndirectInputEvents = YES;
				INFOPLIST_KEY_UILaunchScreen_Generation = YES;
				INFOPLIST_KEY_UISupportedInterfaceOrientations = UIInterfaceOrientationPortrait;
				INFOPLIST_KEY_UISupportedInterfaceOrientations_iPad = "UIInterfaceOrientationPortrait UIInterfaceOrientationPortraitUpsideDown UIInterfaceOrientationLandscapeLeft UIInterfaceOrientationLandscapeRight";
				INFOPLIST_KEY_UISupportedInterfaceOrientations_iPhone = "UIInterfaceOrientationPortrait UIInterfaceOrientationLandscapeLeft UIInterfaceOrientationLandscapeRight";
				LD_RUNPATH_SEARCH_PATHS = (
					"$(inherited)",
					"@executable_path/Frameworks",
				);
				MARKETING_VERSION = 1.0;
				PRODUCT_BUNDLE_IDENTIFIER = com.pedroesli.CloudKitTodo;
				PRODUCT_NAME = "$(TARGET_NAME)";
				SWIFT_EMIT_LOC_STRINGS = YES;
				SWIFT_VERSION = 5.0;
				TARGETED_DEVICE_FAMILY = "1,2";
			};
			name = Debug;
		};
		37FB7BB72890C99E00915411 /* Release */ = {
			isa = XCBuildConfiguration;
			buildSettings = {
				ASSETCATALOG_COMPILER_APPICON_NAME = AppIcon;
				ASSETCATALOG_COMPILER_GLOBAL_ACCENT_COLOR_NAME = AccentColor;
				CODE_SIGN_ENTITLEMENTS = CloudKitTodo/CloudKitTodo.entitlements;
				CODE_SIGN_STYLE = Automatic;
				CURRENT_PROJECT_VERSION = 1;
				DEVELOPMENT_ASSET_PATHS = "\"CloudKitTodo/Preview Content\"";
				DEVELOPMENT_TEAM = L6B3W3NNQ3;
				ENABLE_PREVIEWS = YES;
				GENERATE_INFOPLIST_FILE = YES;
				INFOPLIST_FILE = CloudKitTodo/Info.plist;
				INFOPLIST_KEY_CFBundleDisplayName = "Cute ToDo";
				INFOPLIST_KEY_UIApplicationSceneManifest_Generation = YES;
				INFOPLIST_KEY_UIApplicationSupportsIndirectInputEvents = YES;
				INFOPLIST_KEY_UILaunchScreen_Generation = YES;
				INFOPLIST_KEY_UISupportedInterfaceOrientations = UIInterfaceOrientationPortrait;
				INFOPLIST_KEY_UISupportedInterfaceOrientations_iPad = "UIInterfaceOrientationPortrait UIInterfaceOrientationPortraitUpsideDown UIInterfaceOrientationLandscapeLeft UIInterfaceOrientationLandscapeRight";
				INFOPLIST_KEY_UISupportedInterfaceOrientations_iPhone = "UIInterfaceOrientationPortrait UIInterfaceOrientationLandscapeLeft UIInterfaceOrientationLandscapeRight";
				LD_RUNPATH_SEARCH_PATHS = (
					"$(inherited)",
					"@executable_path/Frameworks",
				);
				MARKETING_VERSION = 1.0;
				PRODUCT_BUNDLE_IDENTIFIER = com.pedroesli.CloudKitTodo;
				PRODUCT_NAME = "$(TARGET_NAME)";
				SWIFT_EMIT_LOC_STRINGS = YES;
				SWIFT_VERSION = 5.0;
				TARGETED_DEVICE_FAMILY = "1,2";
			};
			name = Release;
		};
/* End XCBuildConfiguration section */

/* Begin XCConfigurationList section */
		37FB7B9D2890C99A00915411 /* Build configuration list for PBXProject "CloudKitTodo" */ = {
			isa = XCConfigurationList;
			buildConfigurations = (
				37FB7BB32890C99E00915411 /* Debug */,
				37FB7BB42890C99E00915411 /* Release */,
			);
			defaultConfigurationIsVisible = 0;
			defaultConfigurationName = Release;
		};
		37FB7BB52890C99E00915411 /* Build configuration list for PBXNativeTarget "CloudKitTodo" */ = {
			isa = XCConfigurationList;
			buildConfigurations = (
				37FB7BB62890C99E00915411 /* Debug */,
				37FB7BB72890C99E00915411 /* Release */,
			);
			defaultConfigurationIsVisible = 0;
			defaultConfigurationName = Release;
		};
/* End XCConfigurationList section */

/* Begin XCVersionGroup section */
		37FB7BC02890D21D00915411 /* CloudKitTodo.xcdatamodeld */ = {
			isa = XCVersionGroup;
			children = (
				37FB7BC12890D21D00915411 /* CloudKitTodo.xcdatamodel */,
			);
			currentVersion = 37FB7BC12890D21D00915411 /* CloudKitTodo.xcdatamodel */;
			path = CloudKitTodo.xcdatamodeld;
			sourceTree = "<group>";
			versionGroupType = wrapper.xcdatamodel;
		};
/* End XCVersionGroup section */
	};
	rootObject = 37FB7B9A2890C99A00915411 /* Project object */;
}
